
Microsoft Visual Studio Solution File, Format Version 12.00
# Visual Studio 15
VisualStudioVersion = 15.0.26403.7
MinimumVisualStudioVersion = 10.0.40219.1
Project("{D954291E-2A0B-460D-934E-DC6B0785DB48}") = "TestAppXamarin", "TestAppXamarin\TestAppXamarin\TestAppXamarin.shproj", "{CA50524E-1E3B-40C8-8C09-D629A4EF8829}"
EndProject
Project("{FAE04EC0-301F-11D3-BF4B-00C04F79EFBC}") = "TestAppXamarin.Android", "TestAppXamarin\TestAppXamarin.Android\TestAppXamarin.Android.csproj", "{9F46AEFB-0C53-4C13-BF06-8EDD9A9499BF}"
EndProject
Project("{FAE04EC0-301F-11D3-BF4B-00C04F79EFBC}") = "TestAppXamarin.iOS", "TestAppXamarin\TestAppXamarin.iOS\TestAppXamarin.iOS.csproj", "{4E141DEC-AE4A-45E3-AFDA-00F93F5B0532}"
EndProject
Project("{FAE04EC0-301F-11D3-BF4B-00C04F79EFBC}") = "TestAppXamarin.UWP", "TestAppXamarin\TestAppXamarin.UWP\TestAppXamarin.UWP.csproj", "{9CD6C5C5-C561-463A-B678-999C0D825A34}"
EndProject
Global
	GlobalSection(SharedMSBuildProjectFiles) = preSolution
		TestAppXamarin\TestAppXamarin\TestAppXamarin.projitems*{4e141dec-ae4a-45e3-afda-00f93f5b0532}*SharedItemsImports = 4
		TestAppXamarin\TestAppXamarin\TestAppXamarin.projitems*{9f46aefb-0c53-4c13-bf06-8edd9a9499bf}*SharedItemsImports = 4
		TestAppXamarin\TestAppXamarin\TestAppXamarin.projitems*{ca50524e-1e3b-40c8-8c09-d629a4ef8829}*SharedItemsImports = 13
	EndGlobalSection
	GlobalSection(SolutionConfigurationPlatforms) = preSolution
		Ad-Hoc|Any CPU = Ad-Hoc|Any CPU
		Ad-Hoc|ARM = Ad-Hoc|ARM
		Ad-Hoc|iPhone = Ad-Hoc|iPhone
		Ad-Hoc|iPhoneSimulator = Ad-Hoc|iPhoneSimulator
		Ad-Hoc|x64 = Ad-Hoc|x64
		Ad-Hoc|x86 = Ad-Hoc|x86
		AppStore|Any CPU = AppStore|Any CPU
		AppStore|ARM = AppStore|ARM
		AppStore|iPhone = AppStore|iPhone
		AppStore|iPhoneSimulator = AppStore|iPhoneSimulator
		AppStore|x64 = AppStore|x64
		AppStore|x86 = AppStore|x86
		Debug|Any CPU = Debug|Any CPU
		Debug|ARM = Debug|ARM
		Debug|iPhone = Debug|iPhone
		Debug|iPhoneSimulator = Debug|iPhoneSimulator
		Debug|x64 = Debug|x64
		Debug|x86 = Debug|x86
		Release|Any CPU = Release|Any CPU
		Release|ARM = Release|ARM
		Release|iPhone = Release|iPhone
		Release|iPhoneSimulator = Release|iPhoneSimulator
		Release|x64 = Release|x64
		Release|x86 = Release|x86
	EndGlobalSection
	GlobalSection(ProjectConfigurationPlatforms) = postSolution
		{9F46AEFB-0C53-4C13-BF06-8EDD9A9499BF}.Ad-Hoc|Any CPU.ActiveCfg = Release|Any CPU
		{9F46AEFB-0C53-4C13-BF06-8EDD9A9499BF}.Ad-Hoc|Any CPU.Build.0 = Release|Any CPU
		{9F46AEFB-0C53-4C13-BF06-8EDD9A9499BF}.Ad-Hoc|Any CPU.Deploy.0 = Release|Any CPU
		{9F46AEFB-0C53-4C13-BF06-8EDD9A9499BF}.Ad-Hoc|ARM.ActiveCfg = Release|Any CPU
		{9F46AEFB-0C53-4C13-BF06-8EDD9A9499BF}.Ad-Hoc|ARM.Build.0 = Release|Any CPU
		{9F46AEFB-0C53-4C13-BF06-8EDD9A9499BF}.Ad-Hoc|ARM.Deploy.0 = Release|Any CPU
		{9F46AEFB-0C53-4C13-BF06-8EDD9A9499BF}.Ad-Hoc|iPhone.ActiveCfg = Release|Any CPU
		{9F46AEFB-0C53-4C13-BF06-8EDD9A9499BF}.Ad-Hoc|iPhone.Build.0 = Release|Any CPU
		{9F46AEFB-0C53-4C13-BF06-8EDD9A9499BF}.Ad-Hoc|iPhone.Deploy.0 = Release|Any CPU
		{9F46AEFB-0C53-4C13-BF06-8EDD9A9499BF}.Ad-Hoc|iPhoneSimulator.ActiveCfg = Release|Any CPU
		{9F46AEFB-0C53-4C13-BF06-8EDD9A9499BF}.Ad-Hoc|iPhoneSimulator.Build.0 = Release|Any CPU
		{9F46AEFB-0C53-4C13-BF06-8EDD9A9499BF}.Ad-Hoc|iPhoneSimulator.Deploy.0 = Release|Any CPU
		{9F46AEFB-0C53-4C13-BF06-8EDD9A9499BF}.Ad-Hoc|x64.ActiveCfg = Release|Any CPU
		{9F46AEFB-0C53-4C13-BF06-8EDD9A9499BF}.Ad-Hoc|x64.Build.0 = Release|Any CPU
		{9F46AEFB-0C53-4C13-BF06-8EDD9A9499BF}.Ad-Hoc|x64.Deploy.0 = Release|Any CPU
		{9F46AEFB-0C53-4C13-BF06-8EDD9A9499BF}.Ad-Hoc|x86.ActiveCfg = Release|Any CPU
		{9F46AEFB-0C53-4C13-BF06-8EDD9A9499BF}.Ad-Hoc|x86.Build.0 = Release|Any CPU
		{9F46AEFB-0C53-4C13-BF06-8EDD9A9499BF}.Ad-Hoc|x86.Deploy.0 = Release|Any CPU
		{9F46AEFB-0C53-4C13-BF06-8EDD9A9499BF}.AppStore|Any CPU.ActiveCfg = Release|Any CPU
		{9F46AEFB-0C53-4C13-BF06-8EDD9A9499BF}.AppStore|Any CPU.Build.0 = Release|Any CPU
		{9F46AEFB-0C53-4C13-BF06-8EDD9A9499BF}.AppStore|Any CPU.Deploy.0 = Release|Any CPU
		{9F46AEFB-0C53-4C13-BF06-8EDD9A9499BF}.AppStore|ARM.ActiveCfg = Release|Any CPU
		{9F46AEFB-0C53-4C13-BF06-8EDD9A9499BF}.AppStore|ARM.Build.0 = Release|Any CPU
		{9F46AEFB-0C53-4C13-BF06-8EDD9A9499BF}.AppStore|ARM.Deploy.0 = Release|Any CPU
		{9F46AEFB-0C53-4C13-BF06-8EDD9A9499BF}.AppStore|iPhone.ActiveCfg = Release|Any CPU
		{9F46AEFB-0C53-4C13-BF06-8EDD9A9499BF}.AppStore|iPhone.Build.0 = Release|Any CPU
		{9F46AEFB-0C53-4C13-BF06-8EDD9A9499BF}.AppStore|iPhone.Deploy.0 = Release|Any CPU
		{9F46AEFB-0C53-4C13-BF06-8EDD9A9499BF}.AppStore|iPhoneSimulator.ActiveCfg = Release|Any CPU
		{9F46AEFB-0C53-4C13-BF06-8EDD9A9499BF}.AppStore|iPhoneSimulator.Build.0 = Release|Any CPU
		{9F46AEFB-0C53-4C13-BF06-8EDD9A9499BF}.AppStore|iPhoneSimulator.Deploy.0 = Release|Any CPU
		{9F46AEFB-0C53-4C13-BF06-8EDD9A9499BF}.AppStore|x64.ActiveCfg = Release|Any CPU
		{9F46AEFB-0C53-4C13-BF06-8EDD9A9499BF}.AppStore|x64.Build.0 = Release|Any CPU
		{9F46AEFB-0C53-4C13-BF06-8EDD9A9499BF}.AppStore|x64.Deploy.0 = Release|Any CPU
		{9F46AEFB-0C53-4C13-BF06-8EDD9A9499BF}.AppStore|x86.ActiveCfg = Release|Any CPU
		{9F46AEFB-0C53-4C13-BF06-8EDD9A9499BF}.AppStore|x86.Build.0 = Release|Any CPU
		{9F46AEFB-0C53-4C13-BF06-8EDD9A9499BF}.AppStore|x86.Deploy.0 = Release|Any CPU
		{9F46AEFB-0C53-4C13-BF06-8EDD9A9499BF}.Debug|Any CPU.ActiveCfg = Debug|Any CPU
		{9F46AEFB-0C53-4C13-BF06-8EDD9A9499BF}.Debug|Any CPU.Build.0 = Debug|Any CPU
		{9F46AEFB-0C53-4C13-BF06-8EDD9A9499BF}.Debug|Any CPU.Deploy.0 = Debug|Any CPU
		{9F46AEFB-0C53-4C13-BF06-8EDD9A9499BF}.Debug|ARM.ActiveCfg = Debug|Any CPU
		{9F46AEFB-0C53-4C13-BF06-8EDD9A9499BF}.Debug|ARM.Build.0 = Debug|Any CPU
		{9F46AEFB-0C53-4C13-BF06-8EDD9A9499BF}.Debug|ARM.Deploy.0 = Debug|Any CPU
		{9F46AEFB-0C53-4C13-BF06-8EDD9A9499BF}.Debug|iPhone.ActiveCfg = Debug|Any CPU
		{9F46AEFB-0C53-4C13-BF06-8EDD9A9499BF}.Debug|iPhone.Build.0 = Debug|Any CPU
		{9F46AEFB-0C53-4C13-BF06-8EDD9A9499BF}.Debug|iPhone.Deploy.0 = Debug|Any CPU
		{9F46AEFB-0C53-4C13-BF06-8EDD9A9499BF}.Debug|iPhoneSimulator.ActiveCfg = Debug|Any CPU
		{9F46AEFB-0C53-4C13-BF06-8EDD9A9499BF}.Debug|iPhoneSimulator.Build.0 = Debug|Any CPU
		{9F46AEFB-0C53-4C13-BF06-8EDD9A9499BF}.Debug|iPhoneSimulator.Deploy.0 = Debug|Any CPU
		{9F46AEFB-0C53-4C13-BF06-8EDD9A9499BF}.Debug|x64.ActiveCfg = Debug|Any CPU
		{9F46AEFB-0C53-4C13-BF06-8EDD9A9499BF}.Debug|x64.Build.0 = Debug|Any CPU
		{9F46AEFB-0C53-4C13-BF06-8EDD9A9499BF}.Debug|x64.Deploy.0 = Debug|Any CPU
		{9F46AEFB-0C53-4C13-BF06-8EDD9A9499BF}.Debug|x86.ActiveCfg = Debug|Any CPU
		{9F46AEFB-0C53-4C13-BF06-8EDD9A9499BF}.Debug|x86.Build.0 = Debug|Any CPU
		{9F46AEFB-0C53-4C13-BF06-8EDD9A9499BF}.Debug|x86.Deploy.0 = Debug|Any CPU
		{9F46AEFB-0C53-4C13-BF06-8EDD9A9499BF}.Release|Any CPU.ActiveCfg = Release|Any CPU
		{9F46AEFB-0C53-4C13-BF06-8EDD9A9499BF}.Release|Any CPU.Build.0 = Release|Any CPU
		{9F46AEFB-0C53-4C13-BF06-8EDD9A9499BF}.Release|Any CPU.Deploy.0 = Release|Any CPU
		{9F46AEFB-0C53-4C13-BF06-8EDD9A9499BF}.Release|ARM.ActiveCfg = Release|Any CPU
		{9F46AEFB-0C53-4C13-BF06-8EDD9A9499BF}.Release|ARM.Build.0 = Release|Any CPU
		{9F46AEFB-0C53-4C13-BF06-8EDD9A9499BF}.Release|ARM.Deploy.0 = Release|Any CPU
		{9F46AEFB-0C53-4C13-BF06-8EDD9A9499BF}.Release|iPhone.ActiveCfg = Release|Any CPU
		{9F46AEFB-0C53-4C13-BF06-8EDD9A9499BF}.Release|iPhone.Build.0 = Release|Any CPU
		{9F46AEFB-0C53-4C13-BF06-8EDD9A9499BF}.Release|iPhone.Deploy.0 = Release|Any CPU
		{9F46AEFB-0C53-4C13-BF06-8EDD9A9499BF}.Release|iPhoneSimulator.ActiveCfg = Release|Any CPU
		{9F46AEFB-0C53-4C13-BF06-8EDD9A9499BF}.Release|iPhoneSimulator.Build.0 = Release|Any CPU
		{9F46AEFB-0C53-4C13-BF06-8EDD9A9499BF}.Release|iPhoneSimulator.Deploy.0 = Release|Any CPU
		{9F46AEFB-0C53-4C13-BF06-8EDD9A9499BF}.Release|x64.ActiveCfg = Release|Any CPU
		{9F46AEFB-0C53-4C13-BF06-8EDD9A9499BF}.Release|x64.Build.0 = Release|Any CPU
		{9F46AEFB-0C53-4C13-BF06-8EDD9A9499BF}.Release|x64.Deploy.0 = Release|Any CPU
		{9F46AEFB-0C53-4C13-BF06-8EDD9A9499BF}.Release|x86.ActiveCfg = Release|Any CPU
		{9F46AEFB-0C53-4C13-BF06-8EDD9A9499BF}.Release|x86.Build.0 = Release|Any CPU
		{9F46AEFB-0C53-4C13-BF06-8EDD9A9499BF}.Release|x86.Deploy.0 = Release|Any CPU
		{4E141DEC-AE4A-45E3-AFDA-00F93F5B0532}.Ad-Hoc|Any CPU.ActiveCfg = Ad-Hoc|iPhone
		{4E141DEC-AE4A-45E3-AFDA-00F93F5B0532}.Ad-Hoc|ARM.ActiveCfg = Ad-Hoc|iPhone
		{4E141DEC-AE4A-45E3-AFDA-00F93F5B0532}.Ad-Hoc|iPhone.ActiveCfg = Ad-Hoc|iPhone
		{4E141DEC-AE4A-45E3-AFDA-00F93F5B0532}.Ad-Hoc|iPhone.Build.0 = Ad-Hoc|iPhone
		{4E141DEC-AE4A-45E3-AFDA-00F93F5B0532}.Ad-Hoc|iPhoneSimulator.ActiveCfg = Ad-Hoc|iPhoneSimulator
		{4E141DEC-AE4A-45E3-AFDA-00F93F5B0532}.Ad-Hoc|iPhoneSimulator.Build.0 = Ad-Hoc|iPhoneSimulator
		{4E141DEC-AE4A-45E3-AFDA-00F93F5B0532}.Ad-Hoc|x64.ActiveCfg = Ad-Hoc|iPhone
		{4E141DEC-AE4A-45E3-AFDA-00F93F5B0532}.Ad-Hoc|x86.ActiveCfg = Ad-Hoc|iPhone
		{4E141DEC-AE4A-45E3-AFDA-00F93F5B0532}.AppStore|Any CPU.ActiveCfg = AppStore|iPhone
		{4E141DEC-AE4A-45E3-AFDA-00F93F5B0532}.AppStore|ARM.ActiveCfg = AppStore|iPhone
		{4E141DEC-AE4A-45E3-AFDA-00F93F5B0532}.AppStore|iPhone.ActiveCfg = AppStore|iPhone
		{4E141DEC-AE4A-45E3-AFDA-00F93F5B0532}.AppStore|iPhone.Build.0 = AppStore|iPhone
		{4E141DEC-AE4A-45E3-AFDA-00F93F5B0532}.AppStore|iPhoneSimulator.ActiveCfg = AppStore|iPhoneSimulator
		{4E141DEC-AE4A-45E3-AFDA-00F93F5B0532}.AppStore|iPhoneSimulator.Build.0 = AppStore|iPhoneSimulator
		{4E141DEC-AE4A-45E3-AFDA-00F93F5B0532}.AppStore|x64.ActiveCfg = AppStore|iPhone
		{4E141DEC-AE4A-45E3-AFDA-00F93F5B0532}.AppStore|x86.ActiveCfg = AppStore|iPhone
		{4E141DEC-AE4A-45E3-AFDA-00F93F5B0532}.Debug|Any CPU.ActiveCfg = Debug|iPhone
		{4E141DEC-AE4A-45E3-AFDA-00F93F5B0532}.Debug|ARM.ActiveCfg = Debug|iPhone
		{4E141DEC-AE4A-45E3-AFDA-00F93F5B0532}.Debug|iPhone.ActiveCfg = Debug|iPhone
		{4E141DEC-AE4A-45E3-AFDA-00F93F5B0532}.Debug|iPhone.Build.0 = Debug|iPhone
		{4E141DEC-AE4A-45E3-AFDA-00F93F5B0532}.Debug|iPhoneSimulator.ActiveCfg = Debug|iPhoneSimulator
		{4E141DEC-AE4A-45E3-AFDA-00F93F5B0532}.Debug|iPhoneSimulator.Build.0 = Debug|iPhoneSimulator
		{4E141DEC-AE4A-45E3-AFDA-00F93F5B0532}.Debug|x64.ActiveCfg = Debug|iPhone
		{4E141DEC-AE4A-45E3-AFDA-00F93F5B0532}.Debug|x86.ActiveCfg = Debug|iPhone
		{4E141DEC-AE4A-45E3-AFDA-00F93F5B0532}.Release|Any CPU.ActiveCfg = Release|iPhone
		{4E141DEC-AE4A-45E3-AFDA-00F93F5B0532}.Release|ARM.ActiveCfg = Release|iPhone
		{4E141DEC-AE4A-45E3-AFDA-00F93F5B0532}.Release|iPhone.ActiveCfg = Release|iPhone
		{4E141DEC-AE4A-45E3-AFDA-00F93F5B0532}.Release|iPhone.Build.0 = Release|iPhone
		{4E141DEC-AE4A-45E3-AFDA-00F93F5B0532}.Release|iPhoneSimulator.ActiveCfg = Release|iPhoneSimulator
		{4E141DEC-AE4A-45E3-AFDA-00F93F5B0532}.Release|iPhoneSimulator.Build.0 = Release|iPhoneSimulator
		{4E141DEC-AE4A-45E3-AFDA-00F93F5B0532}.Release|x64.ActiveCfg = Release|iPhone
		{4E141DEC-AE4A-45E3-AFDA-00F93F5B0532}.Release|x86.ActiveCfg = Release|iPhone
		{9CD6C5C5-C561-463A-B678-999C0D825A34}.Ad-Hoc|Any CPU.ActiveCfg = Release|x86
		{9CD6C5C5-C561-463A-B678-999C0D825A34}.Ad-Hoc|Any CPU.Build.0 = Release|x86
		{9CD6C5C5-C561-463A-B678-999C0D825A34}.Ad-Hoc|Any CPU.Deploy.0 = Release|x86
		{9CD6C5C5-C561-463A-B678-999C0D825A34}.Ad-Hoc|ARM.ActiveCfg = Release|ARM
		{9CD6C5C5-C561-463A-B678-999C0D825A34}.Ad-Hoc|ARM.Build.0 = Release|ARM
		{9CD6C5C5-C561-463A-B678-999C0D825A34}.Ad-Hoc|ARM.Deploy.0 = Release|ARM
		{9CD6C5C5-C561-463A-B678-999C0D825A34}.Ad-Hoc|iPhone.ActiveCfg = Release|x86
		{9CD6C5C5-C561-463A-B678-999C0D825A34}.Ad-Hoc|iPhone.Build.0 = Release|x86
		{9CD6C5C5-C561-463A-B678-999C0D825A34}.Ad-Hoc|iPhone.Deploy.0 = Release|x86
		{9CD6C5C5-C561-463A-B678-999C0D825A34}.Ad-Hoc|iPhoneSimulator.ActiveCfg = Release|x86
		{9CD6C5C5-C561-463A-B678-999C0D825A34}.Ad-Hoc|iPhoneSimulator.Build.0 = Release|x86
		{9CD6C5C5-C561-463A-B678-999C0D825A34}.Ad-Hoc|iPhoneSimulator.Deploy.0 = Release|x86
		{9CD6C5C5-C561-463A-B678-999C0D825A34}.Ad-Hoc|x64.ActiveCfg = Release|x64
		{9CD6C5C5-C561-463A-B678-999C0D825A34}.Ad-Hoc|x64.Build.0 = Release|x64
		{9CD6C5C5-C561-463A-B678-999C0D825A34}.Ad-Hoc|x64.Deploy.0 = Release|x64
		{9CD6C5C5-C561-463A-B678-999C0D825A34}.Ad-Hoc|x86.ActiveCfg = Release|x86
		{9CD6C5C5-C561-463A-B678-999C0D825A34}.Ad-Hoc|x86.Build.0 = Release|x86
		{9CD6C5C5-C561-463A-B678-999C0D825A34}.Ad-Hoc|x86.Deploy.0 = Release|x86
		{9CD6C5C5-C561-463A-B678-999C0D825A34}.AppStore|Any CPU.ActiveCfg = Release|x86
		{9CD6C5C5-C561-463A-B678-999C0D825A34}.AppStore|Any CPU.Build.0 = Release|x86
		{9CD6C5C5-C561-463A-B678-999C0D825A34}.AppStore|Any CPU.Deploy.0 = Release|x86
		{9CD6C5C5-C561-463A-B678-999C0D825A34}.AppStore|ARM.ActiveCfg = Release|ARM
		{9CD6C5C5-C561-463A-B678-999C0D825A34}.AppStore|ARM.Build.0 = Release|ARM
		{9CD6C5C5-C561-463A-B678-999C0D825A34}.AppStore|ARM.Deploy.0 = Release|ARM
		{9CD6C5C5-C561-463A-B678-999C0D825A34}.AppStore|iPhone.ActiveCfg = Release|x86
		{9CD6C5C5-C561-463A-B678-999C0D825A34}.AppStore|iPhone.Build.0 = Release|x86
		{9CD6C5C5-C561-463A-B678-999C0D825A34}.AppStore|iPhone.Deploy.0 = Release|x86
		{9CD6C5C5-C561-463A-B678-999C0D825A34}.AppStore|iPhoneSimulator.ActiveCfg = Release|x86
		{9CD6C5C5-C561-463A-B678-999C0D825A34}.AppStore|iPhoneSimulator.Build.0 = Release|x86
		{9CD6C5C5-C561-463A-B678-999C0D825A34}.AppStore|iPhoneSimulator.Deploy.0 = Release|x86
		{9CD6C5C5-C561-463A-B678-999C0D825A34}.AppStore|x64.ActiveCfg = Release|x64
		{9CD6C5C5-C561-463A-B678-999C0D825A34}.AppStore|x64.Build.0 = Release|x64
		{9CD6C5C5-C561-463A-B678-999C0D825A34}.AppStore|x64.Deploy.0 = Release|x64
		{9CD6C5C5-C561-463A-B678-999C0D825A34}.AppStore|x86.ActiveCfg = Release|x86
		{9CD6C5C5-C561-463A-B678-999C0D825A34}.AppStore|x86.Build.0 = Release|x86
		{9CD6C5C5-C561-463A-B678-999C0D825A34}.AppStore|x86.Deploy.0 = Release|x86
		{9CD6C5C5-C561-463A-B678-999C0D825A34}.Debug|Any CPU.ActiveCfg = Debug|x86
		{9CD6C5C5-C561-463A-B678-999C0D825A34}.Debug|ARM.ActiveCfg = Debug|ARM
		{9CD6C5C5-C561-463A-B678-999C0D825A34}.Debug|ARM.Build.0 = Debug|ARM
		{9CD6C5C5-C561-463A-B678-999C0D825A34}.Debug|ARM.Deploy.0 = Debug|ARM
		{9CD6C5C5-C561-463A-B678-999C0D825A34}.Debug|iPhone.ActiveCfg = Debug|x86
		{9CD6C5C5-C561-463A-B678-999C0D825A34}.Debug|iPhoneSimulator.ActiveCfg = Debug|x86
		{9CD6C5C5-C561-463A-B678-999C0D825A34}.Debug|x64.ActiveCfg = Debug|x64
		{9CD6C5C5-C561-463A-B678-999C0D825A34}.Debug|x64.Build.0 = Debug|x64
		{9CD6C5C5-C561-463A-B678-999C0D825A34}.Debug|x64.Deploy.0 = Debug|x64
		{9CD6C5C5-C561-463A-B678-999C0D825A34}.Debug|x86.ActiveCfg = Debug|x86
		{9CD6C5C5-C561-463A-B678-999C0D825A34}.Debug|x86.Build.0 = Debug|x86
		{9CD6C5C5-C561-463A-B678-999C0D825A34}.Debug|x86.Deploy.0 = Debug|x86
		{9CD6C5C5-C561-463A-B678-999C0D825A34}.Release|Any CPU.ActiveCfg = Release|x86
		{9CD6C5C5-C561-463A-B678-999C0D825A34}.Release|ARM.ActiveCfg = Release|ARM
		{9CD6C5C5-C561-463A-B678-999C0D825A34}.Release|ARM.Build.0 = Release|ARM
		{9CD6C5C5-C561-463A-B678-999C0D825A34}.Release|ARM.Deploy.0 = Release|ARM
		{9CD6C5C5-C561-463A-B678-999C0D825A34}.Release|iPhone.ActiveCfg = Release|x86
		{9CD6C5C5-C561-463A-B678-999C0D825A34}.Release|iPhoneSimulator.ActiveCfg = Release|x86
		{9CD6C5C5-C561-463A-B678-999C0D825A34}.Release|x64.ActiveCfg = Release|x64
		{9CD6C5C5-C561-463A-B678-999C0D825A34}.Release|x64.Build.0 = Release|x64
		{9CD6C5C5-C561-463A-B678-999C0D825A34}.Release|x64.Deploy.0 = Release|x64
		{9CD6C5C5-C561-463A-B678-999C0D825A34}.Release|x86.ActiveCfg = Release|x86
		{9CD6C5C5-C561-463A-B678-999C0D825A34}.Release|x86.Build.0 = Release|x86
		{9CD6C5C5-C561-463A-B678-999C0D825A34}.Release|x86.Deploy.0 = Release|x86
	EndGlobalSection
	GlobalSection(SolutionProperties) = preSolution
		HideSolutionNode = FALSE
	EndGlobalSection
EndGlobal
